
Microsoft Visual Studio Solution File, Format Version 12.00
# Visual Studio Version 16
VisualStudioVersion = 25.0.1703.6
MinimumVisualStudioVersion = 10.0.40219.1
Project("{2150E333-8FDC-42A3-9474-1A3956D46DE8}") = "1. Enterprise Business Rules", "1. Enterprise Business Rules", "{71E7DC93-F994-46D5-8060-C5143B356CFF}"
EndProject
Project("{2150E333-8FDC-42A3-9474-1A3956D46DE8}") = "2. Application Business Rules", "2. Application Business Rules", "{AF36ABDE-4EFC-43C1-8EE7-96AD9E5D43F0}"
EndProject
Project("{2150E333-8FDC-42A3-9474-1A3956D46DE8}") = "3. Interfaces Adapters", "3. Interfaces Adapters", "{41FDD168-51C4-420C-8328-199AA7793ED2}"
EndProject
Project("{2150E333-8FDC-42A3-9474-1A3956D46DE8}") = "4. Framework And Drivers", "4. Framework And Drivers", "{7D82E864-942D-45B1-A7C5-0E7427CBB2B7}"
EndProject
Project("{FAE04EC0-301F-11D3-BF4B-00C04F79EFBC}") = "NorthWind.Entities", "NorthWind.Entities\NorthWind.Entities.csproj", "{4024A6FA-0AB3-4A4F-A182-A0D6FB649037}"
EndProject
Project("{FAE04EC0-301F-11D3-BF4B-00C04F79EFBC}") = "NorthWind.Sale.BusinessObjects", "NorthWind.Sale.BusinessObjects\NorthWind.Sale.BusinessObjects.csproj", "{165900EF-13FA-458F-A27B-880AAFDB2220}"
EndProject
Project("{FAE04EC0-301F-11D3-BF4B-00C04F79EFBC}") = "NorthWind.Sale.UseCases", "NorthWind.Sale.UseCases\NorthWind.Sale.UseCases.csproj", "{46159A85-D8D3-4877-97F0-F6AB89FECDCF}"
EndProject
Project("{2150E333-8FDC-42A3-9474-1A3956D46DE8}") = "Gateways", "Gateways", "{C2D45F52-F656-48A6-98D4-A76052AF5E78}"
EndProject
Project("{FAE04EC0-301F-11D3-BF4B-00C04F79EFBC}") = "NorthWind.EFCore.Repositories", "NorthWind.EFCore.Repositories\NorthWind.EFCore.Repositories.csproj", "{69C4E75E-2F41-4724-BF9E-00BA6430065B}"
EndProject
Project("{2150E333-8FDC-42A3-9474-1A3956D46DE8}") = "Presenters", "Presenters", "{98C26710-CE39-4992-B6A1-24CD93BE6310}"
EndProject
Project("{FAE04EC0-301F-11D3-BF4B-00C04F79EFBC}") = "NorthWind.Sale.Presenters", "NorthWind.Sale.Presenters\NorthWind.Sale.Presenters.csproj", "{CA963749-8333-4A00-93E2-5B5F5986D4DD}"
EndProject
Project("{2150E333-8FDC-42A3-9474-1A3956D46DE8}") = "Controllers", "Controllers", "{6923DD50-5DFD-49D4-B6FF-1476176963E2}"
EndProject
Project("{FAE04EC0-301F-11D3-BF4B-00C04F79EFBC}") = "NorthWind.Sale.Controllers", "NorthWind.Sale.Controllers\NorthWind.Sale.Controllers.csproj", "{086B49B0-836F-4910-9BCD-46F3BEE1C1E3}"
EndProject
Project("{FAE04EC0-301F-11D3-BF4B-00C04F79EFBC}") = "NorthWind.Sale.IoC", "NorthWind.Sale.IoC\NorthWind.Sale.IoC.csproj", "{B6CE6D66-827F-4BED-BDA8-DBE9617FFFAA}"
EndProject
Project("{2150E333-8FDC-42A3-9474-1A3956D46DE8}") = "IUs", "IUs", "{83D691B8-12B5-4BDA-97C8-5DAE8EFCDDE0}"
EndProject
Project("{FAE04EC0-301F-11D3-BF4B-00C04F79EFBC}") = "NorthWind.Sale.WebApi", "NorthWind.Sale.WebApi\NorthWind.Sale.WebApi.csproj", "{83140465-F284-485F-9A6B-B986164F486F}"
EndProject
Global
	GlobalSection(SolutionConfigurationPlatforms) = preSolution
		Debug|Any CPU = Debug|Any CPU
		Release|Any CPU = Release|Any CPU
	EndGlobalSection
	GlobalSection(ProjectConfigurationPlatforms) = postSolution
		{4024A6FA-0AB3-4A4F-A182-A0D6FB649037}.Debug|Any CPU.ActiveCfg = Debug|Any CPU
		{4024A6FA-0AB3-4A4F-A182-A0D6FB649037}.Debug|Any CPU.Build.0 = Debug|Any CPU
		{4024A6FA-0AB3-4A4F-A182-A0D6FB649037}.Release|Any CPU.ActiveCfg = Release|Any CPU
		{4024A6FA-0AB3-4A4F-A182-A0D6FB649037}.Release|Any CPU.Build.0 = Release|Any CPU
		{165900EF-13FA-458F-A27B-880AAFDB2220}.Debug|Any CPU.ActiveCfg = Debug|Any CPU
		{165900EF-13FA-458F-A27B-880AAFDB2220}.Debug|Any CPU.Build.0 = Debug|Any CPU
		{165900EF-13FA-458F-A27B-880AAFDB2220}.Release|Any CPU.ActiveCfg = Release|Any CPU
		{165900EF-13FA-458F-A27B-880AAFDB2220}.Release|Any CPU.Build.0 = Release|Any CPU
		{46159A85-D8D3-4877-97F0-F6AB89FECDCF}.Debug|Any CPU.ActiveCfg = Debug|Any CPU
		{46159A85-D8D3-4877-97F0-F6AB89FECDCF}.Debug|Any CPU.Build.0 = Debug|Any CPU
		{46159A85-D8D3-4877-97F0-F6AB89FECDCF}.Release|Any CPU.ActiveCfg = Release|Any CPU
		{46159A85-D8D3-4877-97F0-F6AB89FECDCF}.Release|Any CPU.Build.0 = Release|Any CPU
		{69C4E75E-2F41-4724-BF9E-00BA6430065B}.Debug|Any CPU.ActiveCfg = Debug|Any CPU
		{69C4E75E-2F41-4724-BF9E-00BA6430065B}.Debug|Any CPU.Build.0 = Debug|Any CPU
		{69C4E75E-2F41-4724-BF9E-00BA6430065B}.Release|Any CPU.ActiveCfg = Release|Any CPU
		{69C4E75E-2F41-4724-BF9E-00BA6430065B}.Release|Any CPU.Build.0 = Release|Any CPU
		{CA963749-8333-4A00-93E2-5B5F5986D4DD}.Debug|Any CPU.ActiveCfg = Debug|Any CPU
		{CA963749-8333-4A00-93E2-5B5F5986D4DD}.Debug|Any CPU.Build.0 = Debug|Any CPU
		{CA963749-8333-4A00-93E2-5B5F5986D4DD}.Release|Any CPU.ActiveCfg = Release|Any CPU
		{CA963749-8333-4A00-93E2-5B5F5986D4DD}.Release|Any CPU.Build.0 = Release|Any CPU
		{086B49B0-836F-4910-9BCD-46F3BEE1C1E3}.Debug|Any CPU.ActiveCfg = Debug|Any CPU
		{086B49B0-836F-4910-9BCD-46F3BEE1C1E3}.Debug|Any CPU.Build.0 = Debug|Any CPU
		{086B49B0-836F-4910-9BCD-46F3BEE1C1E3}.Release|Any CPU.ActiveCfg = Release|Any CPU
		{086B49B0-836F-4910-9BCD-46F3BEE1C1E3}.Release|Any CPU.Build.0 = Release|Any CPU
		{B6CE6D66-827F-4BED-BDA8-DBE9617FFFAA}.Debug|Any CPU.ActiveCfg = Debug|Any CPU
		{B6CE6D66-827F-4BED-BDA8-DBE9617FFFAA}.Debug|Any CPU.Build.0 = Debug|Any CPU
		{B6CE6D66-827F-4BED-BDA8-DBE9617FFFAA}.Release|Any CPU.ActiveCfg = Release|Any CPU
		{B6CE6D66-827F-4BED-BDA8-DBE9617FFFAA}.Release|Any CPU.Build.0 = Release|Any CPU
		{83140465-F284-485F-9A6B-B986164F486F}.Debug|Any CPU.ActiveCfg = Debug|Any CPU
		{83140465-F284-485F-9A6B-B986164F486F}.Debug|Any CPU.Build.0 = Debug|Any CPU
		{83140465-F284-485F-9A6B-B986164F486F}.Release|Any CPU.ActiveCfg = Release|Any CPU
		{83140465-F284-485F-9A6B-B986164F486F}.Release|Any CPU.Build.0 = Release|Any CPU
	EndGlobalSection
	GlobalSection(SolutionProperties) = preSolution
		HideSolutionNode = FALSE
	EndGlobalSection
	GlobalSection(ExtensibilityGlobals) = postSolution
		SolutionGuid = {11D4697A-0077-4F5F-9454-E938B186EBF7}
	EndGlobalSection
	GlobalSection(NestedProjects) = preSolution
		{4024A6FA-0AB3-4A4F-A182-A0D6FB649037} = {71E7DC93-F994-46D5-8060-C5143B356CFF}
		{165900EF-13FA-458F-A27B-880AAFDB2220} = {AF36ABDE-4EFC-43C1-8EE7-96AD9E5D43F0}
		{46159A85-D8D3-4877-97F0-F6AB89FECDCF} = {AF36ABDE-4EFC-43C1-8EE7-96AD9E5D43F0}
		{C2D45F52-F656-48A6-98D4-A76052AF5E78} = {41FDD168-51C4-420C-8328-199AA7793ED2}
		{69C4E75E-2F41-4724-BF9E-00BA6430065B} = {C2D45F52-F656-48A6-98D4-A76052AF5E78}
		{98C26710-CE39-4992-B6A1-24CD93BE6310} = {41FDD168-51C4-420C-8328-199AA7793ED2}
		{CA963749-8333-4A00-93E2-5B5F5986D4DD} = {98C26710-CE39-4992-B6A1-24CD93BE6310}
		{6923DD50-5DFD-49D4-B6FF-1476176963E2} = {41FDD168-51C4-420C-8328-199AA7793ED2}
		{086B49B0-836F-4910-9BCD-46F3BEE1C1E3} = {6923DD50-5DFD-49D4-B6FF-1476176963E2}
		{B6CE6D66-827F-4BED-BDA8-DBE9617FFFAA} = {41FDD168-51C4-420C-8328-199AA7793ED2}
		{83D691B8-12B5-4BDA-97C8-5DAE8EFCDDE0} = {7D82E864-942D-45B1-A7C5-0E7427CBB2B7}
		{83140465-F284-485F-9A6B-B986164F486F} = {83D691B8-12B5-4BDA-97C8-5DAE8EFCDDE0}
	EndGlobalSection
EndGlobal
